
Microsoft Visual Studio Solution File, Format Version 12.00
# Visual Studio Version 16
VisualStudioVersion = 16.0.29911.84
MinimumVisualStudioVersion = 10.0.40219.1
Project("{FAE04EC0-301F-11D3-BF4B-00C04F79EFBC}") = "LandsEndResort", "LandsEndResort\LandsEndResort.csproj", "{FD02EEB9-1651-44F9-BFCD-C1D12E0120E5}"
EndProject
Global
	GlobalSection(SolutionConfigurationPlatforms) = preSolution
		Debug|Any CPU = Debug|Any CPU
		Release|Any CPU = Release|Any CPU
	EndGlobalSection
	GlobalSection(ProjectConfigurationPlatforms) = postSolution
		{FD02EEB9-1651-44F9-BFCD-C1D12E0120E5}.Debug|Any CPU.ActiveCfg = Debug|Any CPU
		{FD02EEB9-1651-44F9-BFCD-C1D12E0120E5}.Debug|Any CPU.Build.0 = Debug|Any CPU
		{FD02EEB9-1651-44F9-BFCD-C1D12E0120E5}.Release|Any CPU.ActiveCfg = Release|Any CPU
		{FD02EEB9-1651-44F9-BFCD-C1D12E0120E5}.Release|Any CPU.Build.0 = Release|Any CPU
	EndGlobalSection
	GlobalSection(SolutionProperties) = preSolution
		HideSolutionNode = FALSE
	EndGlobalSection
	GlobalSection(ExtensibilityGlobals) = postSolution
		SolutionGuid = {F6772AB6-B90E-4B39-9F81-13606BE04E57}
	EndGlobalSection
EndGlobal
